
Microsoft Visual Studio Solution File, Format Version 12.00
# Visual Studio Version 17
VisualStudioVersion = 17.5.002.0
MinimumVisualStudioVersion = 10.0.40219.1
Project("{9A19103F-16F7-4668-BE54-9A1E7A4F7556}") = "WebApplication1", "WebApplication1.csproj", "{0F221C90-0794-44A7-AEA7-E66B7CE86FDA}"
EndProject
Global
	GlobalSection(SolutionConfigurationPlatforms) = preSolution
		Debug|Any CPU = Debug|Any CPU
		Release|Any CPU = Release|Any CPU
	EndGlobalSection
	GlobalSection(ProjectConfigurationPlatforms) = postSolution
		{0F221C90-0794-44A7-AEA7-E66B7CE86FDA}.Debug|Any CPU.ActiveCfg = Debug|Any CPU
		{0F221C90-0794-44A7-AEA7-E66B7CE86FDA}.Debug|Any CPU.Build.0 = Debug|Any CPU
		{0F221C90-0794-44A7-AEA7-E66B7CE86FDA}.Release|Any CPU.ActiveCfg = Release|Any CPU
		{0F221C90-0794-44A7-AEA7-E66B7CE86FDA}.Release|Any CPU.Build.0 = Release|Any CPU
	EndGlobalSection
	GlobalSection(SolutionProperties) = preSolution
		HideSolutionNode = FALSE
	EndGlobalSection
	GlobalSection(ExtensibilityGlobals) = postSolution
		SolutionGuid = {3C11CF48-E346-4DE0-B5B3-4914D06F7C5D}
	EndGlobalSection
EndGlobal
